
Microsoft Visual Studio Solution File, Format Version 12.00
# Visual Studio Version 17
VisualStudioVersion = 17.4.33103.184
MinimumVisualStudioVersion = 10.0.40219.1
Project("{FAE04EC0-301F-11D3-BF4B-00C04F79EFBC}") = "Recap_1_1", "Recap_1_1\Recap_1_1.csproj", "{A039C958-BF2C-4B89-9711-A8E0183CDAE8}"
EndProject
Project("{FAE04EC0-301F-11D3-BF4B-00C04F79EFBC}") = "Recap_1_2", "Recap_1_2\Recap_1_2.csproj", "{2371BBBA-FC9B-4689-973A-B737A43C0F74}"
EndProject
Global
	GlobalSection(SolutionConfigurationPlatforms) = preSolution
		Debug|Any CPU = Debug|Any CPU
		Release|Any CPU = Release|Any CPU
	EndGlobalSection
	GlobalSection(ProjectConfigurationPlatforms) = postSolution
		{A039C958-BF2C-4B89-9711-A8E0183CDAE8}.Debug|Any CPU.ActiveCfg = Debug|Any CPU
		{A039C958-BF2C-4B89-9711-A8E0183CDAE8}.Debug|Any CPU.Build.0 = Debug|Any CPU
		{A039C958-BF2C-4B89-9711-A8E0183CDAE8}.Release|Any CPU.ActiveCfg = Release|Any CPU
		{A039C958-BF2C-4B89-9711-A8E0183CDAE8}.Release|Any CPU.Build.0 = Release|Any CPU
		{2371BBBA-FC9B-4689-973A-B737A43C0F74}.Debug|Any CPU.ActiveCfg = Debug|Any CPU
		{2371BBBA-FC9B-4689-973A-B737A43C0F74}.Debug|Any CPU.Build.0 = Debug|Any CPU
		{2371BBBA-FC9B-4689-973A-B737A43C0F74}.Release|Any CPU.ActiveCfg = Release|Any CPU
		{2371BBBA-FC9B-4689-973A-B737A43C0F74}.Release|Any CPU.Build.0 = Release|Any CPU
	EndGlobalSection
	GlobalSection(SolutionProperties) = preSolution
		HideSolutionNode = FALSE
	EndGlobalSection
	GlobalSection(ExtensibilityGlobals) = postSolution
		SolutionGuid = {F60F7D12-FF63-4B46-8D0F-63406DF08C1F}
	EndGlobalSection
EndGlobal
